
Microsoft Visual Studio Solution File, Format Version 12.00
# Visual Studio Version 17
VisualStudioVersion = 17.2.32526.322
MinimumVisualStudioVersion = 10.0.40219.1
Project("{FAE04EC0-301F-11D3-BF4B-00C04F79EFBC}") = "RAQL.NET.Examples.WebApiQueryParamValidation", "RAQL.NET.Examples.WebApiQueryParamValidation.csproj", "{3F7459B8-2508-4407-A629-D944C38F2188}"
EndProject
Global
	GlobalSection(SolutionConfigurationPlatforms) = preSolution
		Debug|Any CPU = Debug|Any CPU
		Release|Any CPU = Release|Any CPU
	EndGlobalSection
	GlobalSection(ProjectConfigurationPlatforms) = postSolution
		{914BB57A-3867-4F56-ACC2-A2152A8C6970}.Debug|Any CPU.ActiveCfg = Debug|Any CPU
		{914BB57A-3867-4F56-ACC2-A2152A8C6970}.Debug|Any CPU.Build.0 = Debug|Any CPU
		{914BB57A-3867-4F56-ACC2-A2152A8C6970}.Release|Any CPU.ActiveCfg = Release|Any CPU
		{914BB57A-3867-4F56-ACC2-A2152A8C6970}.Release|Any CPU.Build.0 = Release|Any CPU
		{3F7459B8-2508-4407-A629-D944C38F2188}.Debug|Any CPU.ActiveCfg = Debug|Any CPU
		{3F7459B8-2508-4407-A629-D944C38F2188}.Debug|Any CPU.Build.0 = Debug|Any CPU
		{3F7459B8-2508-4407-A629-D944C38F2188}.Release|Any CPU.ActiveCfg = Release|Any CPU
		{3F7459B8-2508-4407-A629-D944C38F2188}.Release|Any CPU.Build.0 = Release|Any CPU
	EndGlobalSection
	GlobalSection(SolutionProperties) = preSolution
		HideSolutionNode = FALSE
	EndGlobalSection
	GlobalSection(NestedProjects) = preSolution
		{3F7459B8-2508-4407-A629-D944C38F2188} = {69278BCD-C9B9-49CF-83BC-8583B584CDD1}
	EndGlobalSection
	GlobalSection(ExtensibilityGlobals) = postSolution
		SolutionGuid = {D1FF6903-9E24-4C73-B32D-C3890DF16CD2}
	EndGlobalSection
EndGlobal
